
Microsoft Visual Studio Solution File, Format Version 12.00
# Visual Studio Version 17
VisualStudioVersion = 17.14.36109.1 d17.14
MinimumVisualStudioVersion = 10.0.40219.1
Project("{FAE04EC0-301F-11D3-BF4B-00C04F79EFBC}") = "SlimDockTest", "SlimDockTest\SlimDockTest.csproj", "{792252A6-EAAE-4F11-A9F7-1800CE158FAD}"
EndProject
Project("{FAE04EC0-301F-11D3-BF4B-00C04F79EFBC}") = "SlimDock", "SlimDock\SlimDock.csproj", "{CED377EA-1884-4214-91E1-F733B28F1DE6}"
EndProject
Global
	GlobalSection(SolutionConfigurationPlatforms) = preSolution
		Debug|Any CPU = Debug|Any CPU
		Release|Any CPU = Release|Any CPU
	EndGlobalSection
	GlobalSection(ProjectConfigurationPlatforms) = postSolution
		{792252A6-EAAE-4F11-A9F7-1800CE158FAD}.Debug|Any CPU.ActiveCfg = Debug|Any CPU
		{792252A6-EAAE-4F11-A9F7-1800CE158FAD}.Debug|Any CPU.Build.0 = Debug|Any CPU
		{792252A6-EAAE-4F11-A9F7-1800CE158FAD}.Release|Any CPU.ActiveCfg = Release|Any CPU
		{792252A6-EAAE-4F11-A9F7-1800CE158FAD}.Release|Any CPU.Build.0 = Release|Any CPU
		{CED377EA-1884-4214-91E1-F733B28F1DE6}.Debug|Any CPU.ActiveCfg = Debug|Any CPU
		{CED377EA-1884-4214-91E1-F733B28F1DE6}.Debug|Any CPU.Build.0 = Debug|Any CPU
		{CED377EA-1884-4214-91E1-F733B28F1DE6}.Release|Any CPU.ActiveCfg = Release|Any CPU
		{CED377EA-1884-4214-91E1-F733B28F1DE6}.Release|Any CPU.Build.0 = Release|Any CPU
	EndGlobalSection
	GlobalSection(SolutionProperties) = preSolution
		HideSolutionNode = FALSE
	EndGlobalSection
	GlobalSection(ExtensibilityGlobals) = postSolution
		SolutionGuid = {A391FE73-995F-4130-B588-A46DDC498673}
	EndGlobalSection
EndGlobal
